<?xml version="1.0" encoding="utf-8"?>
<Project ToolsVersion="4.0" xmlns="http://schemas.microsoft.com/developer/msbuild/2003">
  <ItemGroup>
    <Filter Include="Source Files">
      <UniqueIdentifier>{a36d210f-6e30-4610-95e3-27c6d9c5919d}</UniqueIdentifier>
      <Extensions>cpp;c;cxx;rc;def;r;odl;idl;hpj;bat</Extensions>
    </Filter>
    <Filter Include="Header Files">
      <UniqueIdentifier>{dced488b-5f42-4a5f-b8b8-4c89865f15b2}</UniqueIdentifier>
      <Extensions>h;hpp;hxx;hm;inl</Extensions>
    </Filter>
    <Filter Include="Resource Files">
      <UniqueIdentifier>{36b1e059-6390-4c1f-902f-54a7b335795a}</UniqueIdentifier>
      <Extensions>ico;cur;bmp;dlg;rc2;rct;bin;rgs;gif;jpg;jpeg;jpe</Extensions>
    </Filter>
  </ItemGroup>
  <ItemGroup>
    <ClCompile Include="lesson2.cpp">
      <Filter>Source Files</Filter>
    </ClCompile>
    <ClCompile Include="kinect.cpp">
      <Filter>Source Files</Filter>
    </ClCompile>
    <ClCompile Include="msKinect.cpp">
      <Filter>Source Files</Filter>
    </ClCompile>
    <ClCompile Include="depth.cpp">
      <Filter>Source Files</Filter>
    </ClCompile>
    <ClCompile Include="Ini.cpp">
      <Filter>Source Files</Filter>
    </ClCompile>
  </ItemGroup>
  <ItemGroup>
    <ClInclude Include="kinect.h">
      <Filter>Header Files</Filter>
    </ClInclude>
    <ClInclude Include="msKinect.h">
      <Filter>Header Files</Filter>
    </ClInclude>
    <ClInclude Include="depth.h">
      <Filter>Header Files</Filter>
    </ClInclude>
    <ClInclude Include="Ini.h">
      <Filter>Header Files</Filter>
    </ClInclude>
  </ItemGroup>
</Project>